<?xml version="1.0" encoding="utf-8"?>
<Project ToolsVersion="4.0" xmlns="http://schemas.microsoft.com/developer/msbuild/2003">
  <ItemGroup>
    <Filter Include="소스 파일">
      <UniqueIdentifier>{4FC737F1-C7A5-4376-A066-2A32D752A2FF}</UniqueIdentifier>
      <Extensions>cpp;c;cc;cxx;c++;cppm;ixx;def;odl;idl;hpj;bat;asm;asmx</Extensions>
    </Filter>
    <Filter Include="헤더 파일">
      <UniqueIdentifier>{93995380-89BD-4b04-88EB-625FBE52EBFB}</UniqueIdentifier>
      <Extensions>h;hh;hpp;hxx;h++;hm;inl;inc;ipp;xsd</Extensions>
    </Filter>
    <Filter Include="리소스 파일">
      <UniqueIdentifier>{67DA6AB6-F800-4c08-8B7A-83BB121AAD01}</UniqueIdentifier>
      <Extensions>rc;ico;cur;bmp;dlg;rc2;rct;bin;rgs;gif;jpg;jpeg;jpe;resx;tiff;tif;png;wav;mfcribbon-ms</Extensions>
    </Filter>
    <Filter Include="Shaders">
      <UniqueIdentifier>{1fcde1bd-82b9-419d-b14f-ee5e59834d88}</UniqueIdentifier>
    </Filter>
    <Filter Include="ImGui">
      <UniqueIdentifier>{be3255db-443a-4a8b-85ef-ae5c47319c1f}</UniqueIdentifier>
    </Filter>
    <Filter Include="소스 파일\Levels">
      <UniqueIdentifier>{d196ae61-72ed-4f36-86fb-ebf3aa3cf6d0}</UniqueIdentifier>
    </Filter>
    <Filter Include="헤더 파일\Levels">
      <UniqueIdentifier>{c171f517-da63-479a-9c9c-e2d2461611dc}</UniqueIdentifier>
    </Filter>
  </ItemGroup>
  <ItemGroup>
    <ClCompile Include="main.cpp">
      <Filter>소스 파일</Filter>
    </ClCompile>
    <ClCompile Include="Render\URenderer.cpp">
      <Filter>소스 파일</Filter>
    </ClCompile>
    <ClCompile Include="ImGui\imgui.cpp">
      <Filter>ImGui</Filter>
    </ClCompile>
    <ClCompile Include="ImGui\imgui_demo.cpp">
      <Filter>ImGui</Filter>
    </ClCompile>
    <ClCompile Include="ImGui\imgui_draw.cpp">
      <Filter>ImGui</Filter>
    </ClCompile>
    <ClCompile Include="ImGui\imgui_impl_dx11.cpp">
      <Filter>ImGui</Filter>
    </ClCompile>
    <ClCompile Include="ImGui\imgui_impl_win32.cpp">
      <Filter>ImGui</Filter>
    </ClCompile>
    <ClCompile Include="ImGui\imgui_tables.cpp">
      <Filter>ImGui</Filter>
    </ClCompile>
    <ClCompile Include="ImGui\imgui_widgets.cpp">
      <Filter>ImGui</Filter>
    </ClCompile>
    <ClCompile Include="Actors\Actor.cpp">
      <Filter>소스 파일</Filter>
    </ClCompile>
    <ClCompile Include="Managers\ResourceManager.cpp">
      <Filter>소스 파일</Filter>
    </ClCompile>
    <ClCompile Include="Meshs\Mesh.cpp">
      <Filter>소스 파일</Filter>
    </ClCompile>
    <ClCompile Include="Levels\LevelBase.cpp">
      <Filter>소스 파일\Levels</Filter>
    </ClCompile>
    <ClCompile Include="Managers\LevelManager.cpp">
      <Filter>소스 파일</Filter>
    </ClCompile>
    <ClCompile Include="Levels\Level_BoundBall.cpp">
      <Filter>소스 파일</Filter>
    </ClCompile>
    <ClCompile Include="Levels\Level_MovementActor.cpp">
      <Filter>소스 파일</Filter>
    </ClCompile>
    <ClCompile Include="Managers\InputManager.cpp">
      <Filter>소스 파일</Filter>
    </ClCompile>
    <ClCompile Include="Actors\BoundActor.cpp">
      <Filter>소스 파일</Filter>
    </ClCompile>
    <ClCompile Include="Actors\MovementActor.cpp">
      <Filter>소스 파일</Filter>
    </ClCompile>
    <ClCompile Include="Levels\Level_Platformer.cpp">
      <Filter>소스 파일</Filter>
    </ClCompile>
    <ClCompile Include="Actors\APlatformerActor.cpp">
      <Filter>소스 파일</Filter>
    </ClCompile>
  </ItemGroup>
  <ItemGroup>
    <ClInclude Include="Render\URenderer.h">
      <Filter>헤더 파일</Filter>
    </ClInclude>
    <ClInclude Include="ImGui\imconfig.h">
      <Filter>ImGui</Filter>
    </ClInclude>
    <ClInclude Include="ImGui\imgui.h">
      <Filter>ImGui</Filter>
    </ClInclude>
    <ClInclude Include="ImGui\imgui_impl_dx11.h">
      <Filter>ImGui</Filter>
    </ClInclude>
    <ClInclude Include="ImGui\imgui_impl_win32.h">
      <Filter>ImGui</Filter>
    </ClInclude>
    <ClInclude Include="ImGui\imgui_internal.h">
      <Filter>ImGui</Filter>
    </ClInclude>
    <ClInclude Include="ImGui\imstb_rectpack.h">
      <Filter>ImGui</Filter>
    </ClInclude>
    <ClInclude Include="ImGui\imstb_textedit.h">
      <Filter>ImGui</Filter>
    </ClInclude>
    <ClInclude Include="ImGui\imstb_truetype.h">
      <Filter>ImGui</Filter>
    </ClInclude>
    <ClInclude Include="Meshs\Primitive\Cube.h">
      <Filter>헤더 파일</Filter>
    </ClInclude>
    <ClInclude Include="Meshs\Primitive\Circle.h">
      <Filter>헤더 파일</Filter>
    </ClInclude>
    <ClInclude Include="Meshs\Primitive\Rect.h">
      <Filter>헤더 파일</Filter>
    </ClInclude>
    <ClInclude Include="Meshs\Primitive\Sphere.h">
      <Filter>헤더 파일</Filter>
    </ClInclude>
    <ClInclude Include="Actors\Actor.h">
      <Filter>헤더 파일</Filter>
    </ClInclude>
    <ClInclude Include="Structs.h">
      <Filter>헤더 파일</Filter>
    </ClInclude>
    <ClInclude Include="Headers.h">
      <Filter>헤더 파일</Filter>
    </ClInclude>
    <ClInclude Include="Managers\ResourceManager.h">
      <Filter>헤더 파일</Filter>
    </ClInclude>
    <ClInclude Include="Meshs\Mesh.h">
      <Filter>헤더 파일</Filter>
    </ClInclude>
    <ClInclude Include="Levels\LevelBase.h">
      <Filter>헤더 파일\Levels</Filter>
    </ClInclude>
    <ClInclude Include="Managers\LevelManager.h">
      <Filter>헤더 파일</Filter>
    </ClInclude>
    <ClInclude Include="Levels\Level_BoundBall.h">
      <Filter>헤더 파일</Filter>
    </ClInclude>
    <ClInclude Include="Enums.h">
      <Filter>헤더 파일</Filter>
    </ClInclude>
    <ClInclude Include="Levels\Level_MovementActor.h">
      <Filter>헤더 파일</Filter>
    </ClInclude>
    <ClInclude Include="Managers\InputManager.h">
      <Filter>헤더 파일</Filter>
    </ClInclude>
    <ClInclude Include="Actors\BoundActor.h">
      <Filter>헤더 파일</Filter>
    </ClInclude>
    <ClInclude Include="Actors\MovementActor.h">
      <Filter>헤더 파일</Filter>
    </ClInclude>
    <ClInclude Include="Levels\Level_Platformer.h">
      <Filter>헤더 파일</Filter>
    </ClInclude>
    <ClInclude Include="Utils.h">
      <Filter>헤더 파일</Filter>
    </ClInclude>
    <ClInclude Include="Actors\APlatformerActor.h">
      <Filter>헤더 파일</Filter>
    </ClInclude>
  </ItemGroup>
  <ItemGroup>
    <None Include="Shaders\ShaderW0.hlsl">
      <Filter>Shaders</Filter>
    </None>
  </ItemGroup>
</Project>